
Microsoft Visual Studio Solution File, Format Version 12.00
# Visual Studio 15
VisualStudioVersion = 15.0.28307.421
MinimumVisualStudioVersion = 10.0.40219.1
Project("{FAE04EC0-301F-11D3-BF4B-00C04F79EFBC}") = "app.Android", "app\app.Android\app.Android.csproj", "{19459338-CD2E-4653-85D8-5D7CBDB8BDFB}"
EndProject
Project("{FAE04EC0-301F-11D3-BF4B-00C04F79EFBC}") = "app.iOS", "app\app.iOS\app.iOS.csproj", "{5E546945-5B93-4E9C-A6CE-5814279FC510}"
EndProject
Project("{FAE04EC0-301F-11D3-BF4B-00C04F79EFBC}") = "app", "app\app\app.csproj", "{9817867A-9D1D-4954-9B33-89AE9C4B6595}"
EndProject
Global
	GlobalSection(SolutionConfigurationPlatforms) = preSolution
		Ad-Hoc|Any CPU = Ad-Hoc|Any CPU
		Ad-Hoc|iPhone = Ad-Hoc|iPhone
		Ad-Hoc|iPhoneSimulator = Ad-Hoc|iPhoneSimulator
		AppStore|Any CPU = AppStore|Any CPU
		AppStore|iPhone = AppStore|iPhone
		AppStore|iPhoneSimulator = AppStore|iPhoneSimulator
		Debug|Any CPU = Debug|Any CPU
		Debug|iPhone = Debug|iPhone
		Debug|iPhoneSimulator = Debug|iPhoneSimulator
		Release|Any CPU = Release|Any CPU
		Release|iPhone = Release|iPhone
		Release|iPhoneSimulator = Release|iPhoneSimulator
	EndGlobalSection
	GlobalSection(ProjectConfigurationPlatforms) = postSolution
		{19459338-CD2E-4653-85D8-5D7CBDB8BDFB}.Ad-Hoc|Any CPU.ActiveCfg = Release|Any CPU
		{19459338-CD2E-4653-85D8-5D7CBDB8BDFB}.Ad-Hoc|Any CPU.Build.0 = Release|Any CPU
		{19459338-CD2E-4653-85D8-5D7CBDB8BDFB}.Ad-Hoc|Any CPU.Deploy.0 = Release|Any CPU
		{19459338-CD2E-4653-85D8-5D7CBDB8BDFB}.Ad-Hoc|iPhone.ActiveCfg = Release|Any CPU
		{19459338-CD2E-4653-85D8-5D7CBDB8BDFB}.Ad-Hoc|iPhone.Build.0 = Release|Any CPU
		{19459338-CD2E-4653-85D8-5D7CBDB8BDFB}.Ad-Hoc|iPhone.Deploy.0 = Release|Any CPU
		{19459338-CD2E-4653-85D8-5D7CBDB8BDFB}.Ad-Hoc|iPhoneSimulator.ActiveCfg = Release|Any CPU
		{19459338-CD2E-4653-85D8-5D7CBDB8BDFB}.Ad-Hoc|iPhoneSimulator.Build.0 = Release|Any CPU
		{19459338-CD2E-4653-85D8-5D7CBDB8BDFB}.Ad-Hoc|iPhoneSimulator.Deploy.0 = Release|Any CPU
		{19459338-CD2E-4653-85D8-5D7CBDB8BDFB}.AppStore|Any CPU.ActiveCfg = Release|Any CPU
		{19459338-CD2E-4653-85D8-5D7CBDB8BDFB}.AppStore|Any CPU.Build.0 = Release|Any CPU
		{19459338-CD2E-4653-85D8-5D7CBDB8BDFB}.AppStore|Any CPU.Deploy.0 = Release|Any CPU
		{19459338-CD2E-4653-85D8-5D7CBDB8BDFB}.AppStore|iPhone.ActiveCfg = Release|Any CPU
		{19459338-CD2E-4653-85D8-5D7CBDB8BDFB}.AppStore|iPhone.Build.0 = Release|Any CPU
		{19459338-CD2E-4653-85D8-5D7CBDB8BDFB}.AppStore|iPhone.Deploy.0 = Release|Any CPU
		{19459338-CD2E-4653-85D8-5D7CBDB8BDFB}.AppStore|iPhoneSimulator.ActiveCfg = Release|Any CPU
		{19459338-CD2E-4653-85D8-5D7CBDB8BDFB}.AppStore|iPhoneSimulator.Build.0 = Release|Any CPU
		{19459338-CD2E-4653-85D8-5D7CBDB8BDFB}.AppStore|iPhoneSimulator.Deploy.0 = Release|Any CPU
		{19459338-CD2E-4653-85D8-5D7CBDB8BDFB}.Debug|Any CPU.ActiveCfg = Debug|Any CPU
		{19459338-CD2E-4653-85D8-5D7CBDB8BDFB}.Debug|Any CPU.Build.0 = Debug|Any CPU
		{19459338-CD2E-4653-85D8-5D7CBDB8BDFB}.Debug|Any CPU.Deploy.0 = Debug|Any CPU
		{19459338-CD2E-4653-85D8-5D7CBDB8BDFB}.Debug|iPhone.ActiveCfg = Debug|Any CPU
		{19459338-CD2E-4653-85D8-5D7CBDB8BDFB}.Debug|iPhone.Build.0 = Debug|Any CPU
		{19459338-CD2E-4653-85D8-5D7CBDB8BDFB}.Debug|iPhone.Deploy.0 = Debug|Any CPU
		{19459338-CD2E-4653-85D8-5D7CBDB8BDFB}.Debug|iPhoneSimulator.ActiveCfg = Debug|Any CPU
		{19459338-CD2E-4653-85D8-5D7CBDB8BDFB}.Debug|iPhoneSimulator.Build.0 = Debug|Any CPU
		{19459338-CD2E-4653-85D8-5D7CBDB8BDFB}.Debug|iPhoneSimulator.Deploy.0 = Debug|Any CPU
		{19459338-CD2E-4653-85D8-5D7CBDB8BDFB}.Release|Any CPU.ActiveCfg = Release|Any CPU
		{19459338-CD2E-4653-85D8-5D7CBDB8BDFB}.Release|Any CPU.Build.0 = Release|Any CPU
		{19459338-CD2E-4653-85D8-5D7CBDB8BDFB}.Release|Any CPU.Deploy.0 = Release|Any CPU
		{19459338-CD2E-4653-85D8-5D7CBDB8BDFB}.Release|iPhone.ActiveCfg = Release|Any CPU
		{19459338-CD2E-4653-85D8-5D7CBDB8BDFB}.Release|iPhone.Build.0 = Release|Any CPU
		{19459338-CD2E-4653-85D8-5D7CBDB8BDFB}.Release|iPhone.Deploy.0 = Release|Any CPU
		{19459338-CD2E-4653-85D8-5D7CBDB8BDFB}.Release|iPhoneSimulator.ActiveCfg = Release|Any CPU
		{19459338-CD2E-4653-85D8-5D7CBDB8BDFB}.Release|iPhoneSimulator.Build.0 = Release|Any CPU
		{19459338-CD2E-4653-85D8-5D7CBDB8BDFB}.Release|iPhoneSimulator.Deploy.0 = Release|Any CPU
		{5E546945-5B93-4E9C-A6CE-5814279FC510}.Ad-Hoc|Any CPU.ActiveCfg = Ad-Hoc|iPhone
		{5E546945-5B93-4E9C-A6CE-5814279FC510}.Ad-Hoc|Any CPU.Build.0 = Ad-Hoc|iPhone
		{5E546945-5B93-4E9C-A6CE-5814279FC510}.Ad-Hoc|Any CPU.Deploy.0 = Ad-Hoc|iPhone
		{5E546945-5B93-4E9C-A6CE-5814279FC510}.Ad-Hoc|iPhone.ActiveCfg = Ad-Hoc|iPhone
		{5E546945-5B93-4E9C-A6CE-5814279FC510}.Ad-Hoc|iPhone.Build.0 = Ad-Hoc|iPhone
		{5E546945-5B93-4E9C-A6CE-5814279FC510}.Ad-Hoc|iPhone.Deploy.0 = Ad-Hoc|iPhone
		{5E546945-5B93-4E9C-A6CE-5814279FC510}.Ad-Hoc|iPhoneSimulator.ActiveCfg = Ad-Hoc|iPhoneSimulator
		{5E546945-5B93-4E9C-A6CE-5814279FC510}.Ad-Hoc|iPhoneSimulator.Build.0 = Ad-Hoc|iPhoneSimulator
		{5E546945-5B93-4E9C-A6CE-5814279FC510}.Ad-Hoc|iPhoneSimulator.Deploy.0 = Ad-Hoc|iPhoneSimulator
		{5E546945-5B93-4E9C-A6CE-5814279FC510}.AppStore|Any CPU.ActiveCfg = AppStore|iPhone
		{5E546945-5B93-4E9C-A6CE-5814279FC510}.AppStore|Any CPU.Build.0 = AppStore|iPhone
		{5E546945-5B93-4E9C-A6CE-5814279FC510}.AppStore|Any CPU.Deploy.0 = AppStore|iPhone
		{5E546945-5B93-4E9C-A6CE-5814279FC510}.AppStore|iPhone.ActiveCfg = AppStore|iPhone
		{5E546945-5B93-4E9C-A6CE-5814279FC510}.AppStore|iPhone.Build.0 = AppStore|iPhone
		{5E546945-5B93-4E9C-A6CE-5814279FC510}.AppStore|iPhone.Deploy.0 = AppStore|iPhone
		{5E546945-5B93-4E9C-A6CE-5814279FC510}.AppStore|iPhoneSimulator.ActiveCfg = AppStore|iPhoneSimulator
		{5E546945-5B93-4E9C-A6CE-5814279FC510}.AppStore|iPhoneSimulator.Build.0 = AppStore|iPhoneSimulator
		{5E546945-5B93-4E9C-A6CE-5814279FC510}.AppStore|iPhoneSimulator.Deploy.0 = AppStore|iPhoneSimulator
		{5E546945-5B93-4E9C-A6CE-5814279FC510}.Debug|Any CPU.ActiveCfg = Debug|iPhoneSimulator
		{5E546945-5B93-4E9C-A6CE-5814279FC510}.Debug|Any CPU.Build.0 = Debug|iPhoneSimulator
		{5E546945-5B93-4E9C-A6CE-5814279FC510}.Debug|Any CPU.Deploy.0 = Debug|iPhoneSimulator
		{5E546945-5B93-4E9C-A6CE-5814279FC510}.Debug|iPhone.ActiveCfg = Debug|iPhone
		{5E546945-5B93-4E9C-A6CE-5814279FC510}.Debug|iPhone.Build.0 = Debug|iPhone
		{5E546945-5B93-4E9C-A6CE-5814279FC510}.Debug|iPhone.Deploy.0 = Debug|iPhone
		{5E546945-5B93-4E9C-A6CE-5814279FC510}.Debug|iPhoneSimulator.ActiveCfg = Debug|iPhoneSimulator
		{5E546945-5B93-4E9C-A6CE-5814279FC510}.Debug|iPhoneSimulator.Build.0 = Debug|iPhoneSimulator
		{5E546945-5B93-4E9C-A6CE-5814279FC510}.Debug|iPhoneSimulator.Deploy.0 = Debug|iPhoneSimulator
		{5E546945-5B93-4E9C-A6CE-5814279FC510}.Release|Any CPU.ActiveCfg = Release|iPhone
		{5E546945-5B93-4E9C-A6CE-5814279FC510}.Release|Any CPU.Build.0 = Release|iPhone
		{5E546945-5B93-4E9C-A6CE-5814279FC510}.Release|Any CPU.Deploy.0 = Release|iPhone
		{5E546945-5B93-4E9C-A6CE-5814279FC510}.Release|iPhone.ActiveCfg = Release|iPhone
		{5E546945-5B93-4E9C-A6CE-5814279FC510}.Release|iPhone.Build.0 = Release|iPhone
		{5E546945-5B93-4E9C-A6CE-5814279FC510}.Release|iPhone.Deploy.0 = Release|iPhone
		{5E546945-5B93-4E9C-A6CE-5814279FC510}.Release|iPhoneSimulator.ActiveCfg = Release|iPhoneSimulator
		{5E546945-5B93-4E9C-A6CE-5814279FC510}.Release|iPhoneSimulator.Build.0 = Release|iPhoneSimulator
		{5E546945-5B93-4E9C-A6CE-5814279FC510}.Release|iPhoneSimulator.Deploy.0 = Release|iPhoneSimulator
		{9817867A-9D1D-4954-9B33-89AE9C4B6595}.Ad-Hoc|Any CPU.ActiveCfg = Debug|Any CPU
		{9817867A-9D1D-4954-9B33-89AE9C4B6595}.Ad-Hoc|Any CPU.Build.0 = Debug|Any CPU
		{9817867A-9D1D-4954-9B33-89AE9C4B6595}.Ad-Hoc|Any CPU.Deploy.0 = Debug|Any CPU
		{9817867A-9D1D-4954-9B33-89AE9C4B6595}.Ad-Hoc|iPhone.ActiveCfg = Debug|Any CPU
		{9817867A-9D1D-4954-9B33-89AE9C4B6595}.Ad-Hoc|iPhone.Build.0 = Debug|Any CPU
		{9817867A-9D1D-4954-9B33-89AE9C4B6595}.Ad-Hoc|iPhone.Deploy.0 = Debug|Any CPU
		{9817867A-9D1D-4954-9B33-89AE9C4B6595}.Ad-Hoc|iPhoneSimulator.ActiveCfg = Debug|Any CPU
		{9817867A-9D1D-4954-9B33-89AE9C4B6595}.Ad-Hoc|iPhoneSimulator.Build.0 = Debug|Any CPU
		{9817867A-9D1D-4954-9B33-89AE9C4B6595}.Ad-Hoc|iPhoneSimulator.Deploy.0 = Debug|Any CPU
		{9817867A-9D1D-4954-9B33-89AE9C4B6595}.AppStore|Any CPU.ActiveCfg = Debug|Any CPU
		{9817867A-9D1D-4954-9B33-89AE9C4B6595}.AppStore|Any CPU.Build.0 = Debug|Any CPU
		{9817867A-9D1D-4954-9B33-89AE9C4B6595}.AppStore|Any CPU.Deploy.0 = Debug|Any CPU
		{9817867A-9D1D-4954-9B33-89AE9C4B6595}.AppStore|iPhone.ActiveCfg = Debug|Any CPU
		{9817867A-9D1D-4954-9B33-89AE9C4B6595}.AppStore|iPhone.Build.0 = Debug|Any CPU
		{9817867A-9D1D-4954-9B33-89AE9C4B6595}.AppStore|iPhone.Deploy.0 = Debug|Any CPU
		{9817867A-9D1D-4954-9B33-89AE9C4B6595}.AppStore|iPhoneSimulator.ActiveCfg = Debug|Any CPU
		{9817867A-9D1D-4954-9B33-89AE9C4B6595}.AppStore|iPhoneSimulator.Build.0 = Debug|Any CPU
		{9817867A-9D1D-4954-9B33-89AE9C4B6595}.AppStore|iPhoneSimulator.Deploy.0 = Debug|Any CPU
		{9817867A-9D1D-4954-9B33-89AE9C4B6595}.Debug|Any CPU.ActiveCfg = Debug|Any CPU
		{9817867A-9D1D-4954-9B33-89AE9C4B6595}.Debug|Any CPU.Build.0 = Debug|Any CPU
		{9817867A-9D1D-4954-9B33-89AE9C4B6595}.Debug|Any CPU.Deploy.0 = Debug|Any CPU
		{9817867A-9D1D-4954-9B33-89AE9C4B6595}.Debug|iPhone.ActiveCfg = Debug|Any CPU
		{9817867A-9D1D-4954-9B33-89AE9C4B6595}.Debug|iPhone.Build.0 = Debug|Any CPU
		{9817867A-9D1D-4954-9B33-89AE9C4B6595}.Debug|iPhone.Deploy.0 = Debug|Any CPU
		{9817867A-9D1D-4954-9B33-89AE9C4B6595}.Debug|iPhoneSimulator.ActiveCfg = Debug|Any CPU
		{9817867A-9D1D-4954-9B33-89AE9C4B6595}.Debug|iPhoneSimulator.Build.0 = Debug|Any CPU
		{9817867A-9D1D-4954-9B33-89AE9C4B6595}.Debug|iPhoneSimulator.Deploy.0 = Debug|Any CPU
		{9817867A-9D1D-4954-9B33-89AE9C4B6595}.Release|Any CPU.ActiveCfg = Release|Any CPU
		{9817867A-9D1D-4954-9B33-89AE9C4B6595}.Release|Any CPU.Build.0 = Release|Any CPU
		{9817867A-9D1D-4954-9B33-89AE9C4B6595}.Release|Any CPU.Deploy.0 = Release|Any CPU
		{9817867A-9D1D-4954-9B33-89AE9C4B6595}.Release|iPhone.ActiveCfg = Release|Any CPU
		{9817867A-9D1D-4954-9B33-89AE9C4B6595}.Release|iPhone.Build.0 = Release|Any CPU
		{9817867A-9D1D-4954-9B33-89AE9C4B6595}.Release|iPhone.Deploy.0 = Release|Any CPU
		{9817867A-9D1D-4954-9B33-89AE9C4B6595}.Release|iPhoneSimulator.ActiveCfg = Release|Any CPU
		{9817867A-9D1D-4954-9B33-89AE9C4B6595}.Release|iPhoneSimulator.Build.0 = Release|Any CPU
		{9817867A-9D1D-4954-9B33-89AE9C4B6595}.Release|iPhoneSimulator.Deploy.0 = Release|Any CPU
	EndGlobalSection
	GlobalSection(SolutionProperties) = preSolution
		HideSolutionNode = FALSE
	EndGlobalSection
	GlobalSection(ExtensibilityGlobals) = postSolution
		SolutionGuid = {5ABB4F8B-D237-44A8-8DF4-00141EADECF0}
	EndGlobalSection
EndGlobal
